
Microsoft Visual Studio Solution File, Format Version 12.00
# Visual Studio Version 17
VisualStudioVersion = 17.14.36414.22
MinimumVisualStudioVersion = 10.0.40219.1
Project("{2150E333-8FDC-42A3-9474-1A3956D46DE8}") = "A - Creational", "A - Creational", "{02EA681E-C7D8-13C7-8484-4AC65E1B71E8}"
EndProject
Project("{2150E333-8FDC-42A3-9474-1A3956D46DE8}") = "B - Structural", "B - Structural", "{59BEA29A-17FF-4EB0-B790-15E2BD9188E1}"
EndProject
Project("{2150E333-8FDC-42A3-9474-1A3956D46DE8}") = "C - Behavioral", "C - Behavioral", "{4F4EA644-C1CD-4793-9CA7-A6AC5743B0D7}"
EndProject
Project("{2150E333-8FDC-42A3-9474-1A3956D46DE8}") = "01 - Singleton", "01 - Singleton", "{6169786F-E5A7-4DDB-B0B4-EE0C3B773A81}"
EndProject
Project("{FAE04EC0-301F-11D3-BF4B-00C04F79EFBC}") = "Singleton", "Singleton\Singleton.csproj", "{CA1F0879-86CC-4EA7-B8D0-7C84DFD36D07}"
EndProject
Project("{2150E333-8FDC-42A3-9474-1A3956D46DE8}") = "02 - Factory Method", "02 - Factory Method", "{11A8801A-A9BB-4728-AC6A-5D59C83F9951}"
EndProject
Project("{FAE04EC0-301F-11D3-BF4B-00C04F79EFBC}") = "FactoryMethod", "FactoryMethod\FactoryMethod.csproj", "{11FDF6B9-1D6A-4C72-BF7F-02767D709704}"
EndProject
Project("{2150E333-8FDC-42A3-9474-1A3956D46DE8}") = "03 - Abstract Factory", "03 - Abstract Factory", "{284F7516-6127-49CF-9022-20B4D2C9CD48}"
EndProject
Project("{FAE04EC0-301F-11D3-BF4B-00C04F79EFBC}") = "AbstractFactory", "AbstractFactory\AbstractFactory.csproj", "{49634039-CD56-4671-93F7-52AD27E2DF31}"
EndProject
Project("{2150E333-8FDC-42A3-9474-1A3956D46DE8}") = "04 - Builder", "04 - Builder", "{A509EC2D-DFE6-418A-B882-65218AAE4A11}"
EndProject
Project("{FAE04EC0-301F-11D3-BF4B-00C04F79EFBC}") = "Builder", "Builder\Builder.csproj", "{4A2E10BD-3CA7-487E-B827-74E0336478CD}"
EndProject
Project("{2150E333-8FDC-42A3-9474-1A3956D46DE8}") = "05 - Prototype", "05 - Prototype", "{A806A68E-4141-4ECC-AE7A-8F6BC70737EF}"
EndProject
Project("{FAE04EC0-301F-11D3-BF4B-00C04F79EFBC}") = "Prototype", "Prototype\Prototype.csproj", "{6780BD0B-3317-4BA1-A71E-A4BD9B939F87}"
EndProject
Project("{2150E333-8FDC-42A3-9474-1A3956D46DE8}") = "06 - Adapter", "06 - Adapter", "{F3C986E9-ADB8-41E2-A9EC-09A8365E9072}"
EndProject
Project("{FAE04EC0-301F-11D3-BF4B-00C04F79EFBC}") = "Adapter", "Adapter\Adapter.csproj", "{4667F507-5C55-4538-A0A8-A6838349EB0B}"
EndProject
Global
	GlobalSection(SolutionConfigurationPlatforms) = preSolution
		Debug|Any CPU = Debug|Any CPU
		Release|Any CPU = Release|Any CPU
	EndGlobalSection
	GlobalSection(ProjectConfigurationPlatforms) = postSolution
		{CA1F0879-86CC-4EA7-B8D0-7C84DFD36D07}.Debug|Any CPU.ActiveCfg = Debug|Any CPU
		{CA1F0879-86CC-4EA7-B8D0-7C84DFD36D07}.Debug|Any CPU.Build.0 = Debug|Any CPU
		{CA1F0879-86CC-4EA7-B8D0-7C84DFD36D07}.Release|Any CPU.ActiveCfg = Release|Any CPU
		{CA1F0879-86CC-4EA7-B8D0-7C84DFD36D07}.Release|Any CPU.Build.0 = Release|Any CPU
		{11FDF6B9-1D6A-4C72-BF7F-02767D709704}.Debug|Any CPU.ActiveCfg = Debug|Any CPU
		{11FDF6B9-1D6A-4C72-BF7F-02767D709704}.Debug|Any CPU.Build.0 = Debug|Any CPU
		{11FDF6B9-1D6A-4C72-BF7F-02767D709704}.Release|Any CPU.ActiveCfg = Release|Any CPU
		{11FDF6B9-1D6A-4C72-BF7F-02767D709704}.Release|Any CPU.Build.0 = Release|Any CPU
		{49634039-CD56-4671-93F7-52AD27E2DF31}.Debug|Any CPU.ActiveCfg = Debug|Any CPU
		{49634039-CD56-4671-93F7-52AD27E2DF31}.Debug|Any CPU.Build.0 = Debug|Any CPU
		{49634039-CD56-4671-93F7-52AD27E2DF31}.Release|Any CPU.ActiveCfg = Release|Any CPU
		{49634039-CD56-4671-93F7-52AD27E2DF31}.Release|Any CPU.Build.0 = Release|Any CPU
		{4A2E10BD-3CA7-487E-B827-74E0336478CD}.Debug|Any CPU.ActiveCfg = Debug|Any CPU
		{4A2E10BD-3CA7-487E-B827-74E0336478CD}.Debug|Any CPU.Build.0 = Debug|Any CPU
		{4A2E10BD-3CA7-487E-B827-74E0336478CD}.Release|Any CPU.ActiveCfg = Release|Any CPU
		{4A2E10BD-3CA7-487E-B827-74E0336478CD}.Release|Any CPU.Build.0 = Release|Any CPU
		{6780BD0B-3317-4BA1-A71E-A4BD9B939F87}.Debug|Any CPU.ActiveCfg = Debug|Any CPU
		{6780BD0B-3317-4BA1-A71E-A4BD9B939F87}.Debug|Any CPU.Build.0 = Debug|Any CPU
		{6780BD0B-3317-4BA1-A71E-A4BD9B939F87}.Release|Any CPU.ActiveCfg = Release|Any CPU
		{6780BD0B-3317-4BA1-A71E-A4BD9B939F87}.Release|Any CPU.Build.0 = Release|Any CPU
		{4667F507-5C55-4538-A0A8-A6838349EB0B}.Debug|Any CPU.ActiveCfg = Debug|Any CPU
		{4667F507-5C55-4538-A0A8-A6838349EB0B}.Debug|Any CPU.Build.0 = Debug|Any CPU
		{4667F507-5C55-4538-A0A8-A6838349EB0B}.Release|Any CPU.ActiveCfg = Release|Any CPU
		{4667F507-5C55-4538-A0A8-A6838349EB0B}.Release|Any CPU.Build.0 = Release|Any CPU
	EndGlobalSection
	GlobalSection(SolutionProperties) = preSolution
		HideSolutionNode = FALSE
	EndGlobalSection
	GlobalSection(NestedProjects) = preSolution
		{6169786F-E5A7-4DDB-B0B4-EE0C3B773A81} = {02EA681E-C7D8-13C7-8484-4AC65E1B71E8}
		{CA1F0879-86CC-4EA7-B8D0-7C84DFD36D07} = {6169786F-E5A7-4DDB-B0B4-EE0C3B773A81}
		{11A8801A-A9BB-4728-AC6A-5D59C83F9951} = {02EA681E-C7D8-13C7-8484-4AC65E1B71E8}
		{11FDF6B9-1D6A-4C72-BF7F-02767D709704} = {11A8801A-A9BB-4728-AC6A-5D59C83F9951}
		{284F7516-6127-49CF-9022-20B4D2C9CD48} = {02EA681E-C7D8-13C7-8484-4AC65E1B71E8}
		{49634039-CD56-4671-93F7-52AD27E2DF31} = {284F7516-6127-49CF-9022-20B4D2C9CD48}
		{A509EC2D-DFE6-418A-B882-65218AAE4A11} = {02EA681E-C7D8-13C7-8484-4AC65E1B71E8}
		{4A2E10BD-3CA7-487E-B827-74E0336478CD} = {A509EC2D-DFE6-418A-B882-65218AAE4A11}
		{A806A68E-4141-4ECC-AE7A-8F6BC70737EF} = {02EA681E-C7D8-13C7-8484-4AC65E1B71E8}
		{6780BD0B-3317-4BA1-A71E-A4BD9B939F87} = {A806A68E-4141-4ECC-AE7A-8F6BC70737EF}
		{F3C986E9-ADB8-41E2-A9EC-09A8365E9072} = {59BEA29A-17FF-4EB0-B790-15E2BD9188E1}
		{4667F507-5C55-4538-A0A8-A6838349EB0B} = {F3C986E9-ADB8-41E2-A9EC-09A8365E9072}
	EndGlobalSection
	GlobalSection(ExtensibilityGlobals) = postSolution
		SolutionGuid = {3B8D55FB-F1E4-4099-9C89-9945E4910E1F}
	EndGlobalSection
EndGlobal
